
Microsoft Visual Studio Solution File, Format Version 12.00
# Visual Studio Version 17
VisualStudioVersion = 17.12.35521.163 d17.12
MinimumVisualStudioVersion = 10.0.40219.1
Project("{8BC9CEB8-8B4A-11D0-8D11-00A0C91BC942}") = "01", "01\01.vcxproj", "{271454EA-EE7D-431B-9FEF-12FB56E3504A}"
EndProject
Project("{8BC9CEB8-8B4A-11D0-8D11-00A0C91BC942}") = "02", "02\02.vcxproj", "{B55B9620-662E-4FE8-9EC7-CF1963602BE2}"
EndProject
Project("{8BC9CEB8-8B4A-11D0-8D11-00A0C91BC942}") = "03", "03\03.vcxproj", "{F2AA14B4-D3B2-4E52-B7AE-A295148DEBEB}"
EndProject
Project("{8BC9CEB8-8B4A-11D0-8D11-00A0C91BC942}") = "04", "04\04.vcxproj", "{2F94C5AC-8917-4B9F-82AF-EAAADF0C98AF}"
EndProject
Project("{8BC9CEB8-8B4A-11D0-8D11-00A0C91BC942}") = "05", "05\05.vcxproj", "{705C4F88-298A-4815-9EB4-C118B1016A4F}"
EndProject
Global
	GlobalSection(SolutionConfigurationPlatforms) = preSolution
		Debug|x64 = Debug|x64
		Debug|x86 = Debug|x86
		Release|x64 = Release|x64
		Release|x86 = Release|x86
	EndGlobalSection
	GlobalSection(ProjectConfigurationPlatforms) = postSolution
		{271454EA-EE7D-431B-9FEF-12FB56E3504A}.Debug|x64.ActiveCfg = Debug|x64
		{271454EA-EE7D-431B-9FEF-12FB56E3504A}.Debug|x64.Build.0 = Debug|x64
		{271454EA-EE7D-431B-9FEF-12FB56E3504A}.Debug|x86.ActiveCfg = Debug|Win32
		{271454EA-EE7D-431B-9FEF-12FB56E3504A}.Debug|x86.Build.0 = Debug|Win32
		{271454EA-EE7D-431B-9FEF-12FB56E3504A}.Release|x64.ActiveCfg = Release|x64
		{271454EA-EE7D-431B-9FEF-12FB56E3504A}.Release|x64.Build.0 = Release|x64
		{271454EA-EE7D-431B-9FEF-12FB56E3504A}.Release|x86.ActiveCfg = Release|Win32
		{271454EA-EE7D-431B-9FEF-12FB56E3504A}.Release|x86.Build.0 = Release|Win32
		{B55B9620-662E-4FE8-9EC7-CF1963602BE2}.Debug|x64.ActiveCfg = Debug|x64
		{B55B9620-662E-4FE8-9EC7-CF1963602BE2}.Debug|x64.Build.0 = Debug|x64
		{B55B9620-662E-4FE8-9EC7-CF1963602BE2}.Debug|x86.ActiveCfg = Debug|Win32
		{B55B9620-662E-4FE8-9EC7-CF1963602BE2}.Debug|x86.Build.0 = Debug|Win32
		{B55B9620-662E-4FE8-9EC7-CF1963602BE2}.Release|x64.ActiveCfg = Release|x64
		{B55B9620-662E-4FE8-9EC7-CF1963602BE2}.Release|x64.Build.0 = Release|x64
		{B55B9620-662E-4FE8-9EC7-CF1963602BE2}.Release|x86.ActiveCfg = Release|Win32
		{B55B9620-662E-4FE8-9EC7-CF1963602BE2}.Release|x86.Build.0 = Release|Win32
		{F2AA14B4-D3B2-4E52-B7AE-A295148DEBEB}.Debug|x64.ActiveCfg = Debug|x64
		{F2AA14B4-D3B2-4E52-B7AE-A295148DEBEB}.Debug|x64.Build.0 = Debug|x64
		{F2AA14B4-D3B2-4E52-B7AE-A295148DEBEB}.Debug|x86.ActiveCfg = Debug|Win32
		{F2AA14B4-D3B2-4E52-B7AE-A295148DEBEB}.Debug|x86.Build.0 = Debug|Win32
		{F2AA14B4-D3B2-4E52-B7AE-A295148DEBEB}.Release|x64.ActiveCfg = Release|x64
		{F2AA14B4-D3B2-4E52-B7AE-A295148DEBEB}.Release|x64.Build.0 = Release|x64
		{F2AA14B4-D3B2-4E52-B7AE-A295148DEBEB}.Release|x86.ActiveCfg = Release|Win32
		{F2AA14B4-D3B2-4E52-B7AE-A295148DEBEB}.Release|x86.Build.0 = Release|Win32
		{2F94C5AC-8917-4B9F-82AF-EAAADF0C98AF}.Debug|x64.ActiveCfg = Debug|x64
		{2F94C5AC-8917-4B9F-82AF-EAAADF0C98AF}.Debug|x64.Build.0 = Debug|x64
		{2F94C5AC-8917-4B9F-82AF-EAAADF0C98AF}.Debug|x86.ActiveCfg = Debug|Win32
		{2F94C5AC-8917-4B9F-82AF-EAAADF0C98AF}.Debug|x86.Build.0 = Debug|Win32
		{2F94C5AC-8917-4B9F-82AF-EAAADF0C98AF}.Release|x64.ActiveCfg = Release|x64
		{2F94C5AC-8917-4B9F-82AF-EAAADF0C98AF}.Release|x64.Build.0 = Release|x64
		{2F94C5AC-8917-4B9F-82AF-EAAADF0C98AF}.Release|x86.ActiveCfg = Release|Win32
		{2F94C5AC-8917-4B9F-82AF-EAAADF0C98AF}.Release|x86.Build.0 = Release|Win32
		{705C4F88-298A-4815-9EB4-C118B1016A4F}.Debug|x64.ActiveCfg = Debug|x64
		{705C4F88-298A-4815-9EB4-C118B1016A4F}.Debug|x64.Build.0 = Debug|x64
		{705C4F88-298A-4815-9EB4-C118B1016A4F}.Debug|x86.ActiveCfg = Debug|Win32
		{705C4F88-298A-4815-9EB4-C118B1016A4F}.Debug|x86.Build.0 = Debug|Win32
		{705C4F88-298A-4815-9EB4-C118B1016A4F}.Release|x64.ActiveCfg = Release|x64
		{705C4F88-298A-4815-9EB4-C118B1016A4F}.Release|x64.Build.0 = Release|x64
		{705C4F88-298A-4815-9EB4-C118B1016A4F}.Release|x86.ActiveCfg = Release|Win32
		{705C4F88-298A-4815-9EB4-C118B1016A4F}.Release|x86.Build.0 = Release|Win32
	EndGlobalSection
	GlobalSection(SolutionProperties) = preSolution
		HideSolutionNode = FALSE
	EndGlobalSection
EndGlobal
